github.com/474420502/random v0.4.1 h1:HUUyLXRWMijVb7CJoEC16f0aFQOW25Lkr80Mut6PoKU=
github.com/474420502/requests v1.35.0 h1:tMKphcetGWmWP6vyKnwHEtcU8NmUVw+uOzWQ8EEI4bk=
github.com/474420502/requests v1.35.0/go.mod h1:r1Uwbbq/t3Cn95VOfgJjZmD7sfwp+gjldq/zDncNYRc=
github.com/andybalholm/brotli v1.0.5 h1:8uQZIdzKmjc/iuPu7O2ioW48L81FgatrcpfFmiq/cCs=
github.com/andybalholm/brotli v1.0.5/go.mod h1:fO7iG3H7G2nSZ7m0zPUDn85XEX2GTukHGRSepvi9Eig=
github.com/elazarl/goproxy v0.0.0-20210801061803-8e322dfb79c4 h1:lS3P5Nw3oPO05Lk2gFiYUOL3QPaH+fRoI1wFOc4G1UY=
github.com/klauspost/compress v1.13.5 h1:9O69jUPDcsT9fEm74W92rZL9FQY7rCdaXVneq+yyzl4=
github.com/schollz/progressbar v1.0.0 h1:gbyFReLHDkZo8mxy/dLWMr+Mpb1MokGJ1FqCiqacjZM=
github.com/schollz/progressbar v1.0.0/go.mod h1:/l9I7PC3L3erOuz54ghIRKUEFcosiWfLvJv+Eq26UMs=
github.com/tidwall/gjson v1.12.0 h1:61wEp/qfvFnqKH/WCI3M8HuRut+mHT6Mr82QrFmM2SY=
github.com/tidwall/gjson v1.12.0/go.mod h1:/wbyibRr2FHMks5tjHJ5F8dMZh3AcwJEMf5vlfC0lxk=
github.com/tidwall/match v1.1.1 h1:+Ho715JplO36QYgwN9PGYNhgZvoUSc9X2c80KVTi+GA=
github.com/tidwall/match v1.1.1/go.mod h1:eRSPERbgtNPcGhD8UCthc6PmLEQXEWd3PRB5JTxsfmM=
github.com/tidwall/pretty v1.2.0 h1:RWIZEg2iJ8/g6fDDYzMpobmaoGh5OLl4AXtGUGPcqCs=
github.com/tidwall/pretty v1.2.0/go.mod h1:ITEVvHYasfjBbM0u2Pg8T2nJnzm8xPwvNhhsoaGGjNU=
golang.org/x/net v0.0.0-20211105192438-b53810dc28af h1:SMeNJG/vclJ5wyBBd4xupMsSJIHTd1coW9g7q6KOjmY=
golang.org/x/net v0.0.0-20211105192438-b53810dc28af/go.mod h1:9nx3DQGgdP8bBQD5qxJ1jj9UTztislL4KSBs9R2vV5Y=
